
Microsoft Visual Studio Solution File, Format Version 12.00
# Visual Studio 14
VisualStudioVersion = 14.0.25420.1
MinimumVisualStudioVersion = 10.0.40219.1
Project("{FAE04EC0-301F-11D3-BF4B-00C04F79EFBC}") = "Xama.Droid", "Xama\Xama.Droid\Xama.Droid.csproj", "{E091F011-5237-4C21-845C-E7884594BCBA}"
EndProject
Project("{FAE04EC0-301F-11D3-BF4B-00C04F79EFBC}") = "Xama.iOS", "Xama\Xama.iOS\Xama.iOS.csproj", "{78F2A32B-2724-4194-A291-5ABF93C0E78F}"
EndProject
Project("{FAE04EC0-301F-11D3-BF4B-00C04F79EFBC}") = "Xama.WinPhone", "Xama\Xama.WinPhone\Xama.WinPhone.csproj", "{147D0D24-6E6D-43FF-94B5-B3CEBE980B0B}"
EndProject
Project("{FAE04EC0-301F-11D3-BF4B-00C04F79EFBC}") = "Xama.UWP", "Xama\Xama.UWP\Xama.UWP.csproj", "{50FCA23B-EA64-4EFC-A518-B5B7964A4E4F}"
EndProject
Project("{FAE04EC0-301F-11D3-BF4B-00C04F79EFBC}") = "Xama.Windows", "Xama\Xama.Windows\Xama.Windows.csproj", "{BDF6FFBD-9B1B-46FE-8393-882D261608D1}"
EndProject
Project("{FAE04EC0-301F-11D3-BF4B-00C04F79EFBC}") = "Xama", "Xama\Xama\Xama.csproj", "{5860069C-090E-4F3B-9FCE-93F6E8D241E5}"
EndProject
Project("{FAE04EC0-301F-11D3-BF4B-00C04F79EFBC}") = "Xama.Portable", "..\Xama.Portable\Xama.Portable\Xama.Portable.csproj", "{C2930EF4-F843-408F-A5E6-86D97B423BFA}"
EndProject
Global
	GlobalSection(SolutionConfigurationPlatforms) = preSolution
		Ad-Hoc|Any CPU = Ad-Hoc|Any CPU
		Ad-Hoc|ARM = Ad-Hoc|ARM
		Ad-Hoc|iPhone = Ad-Hoc|iPhone
		Ad-Hoc|iPhoneSimulator = Ad-Hoc|iPhoneSimulator
		Ad-Hoc|x64 = Ad-Hoc|x64
		Ad-Hoc|x86 = Ad-Hoc|x86
		AppStore|Any CPU = AppStore|Any CPU
		AppStore|ARM = AppStore|ARM
		AppStore|iPhone = AppStore|iPhone
		AppStore|iPhoneSimulator = AppStore|iPhoneSimulator
		AppStore|x64 = AppStore|x64
		AppStore|x86 = AppStore|x86
		Debug|Any CPU = Debug|Any CPU
		Debug|ARM = Debug|ARM
		Debug|iPhone = Debug|iPhone
		Debug|iPhoneSimulator = Debug|iPhoneSimulator
		Debug|x64 = Debug|x64
		Debug|x86 = Debug|x86
		Release|Any CPU = Release|Any CPU
		Release|ARM = Release|ARM
		Release|iPhone = Release|iPhone
		Release|iPhoneSimulator = Release|iPhoneSimulator
		Release|x64 = Release|x64
		Release|x86 = Release|x86
	EndGlobalSection
	GlobalSection(ProjectConfigurationPlatforms) = postSolution
		{E091F011-5237-4C21-845C-E7884594BCBA}.Ad-Hoc|Any CPU.ActiveCfg = Release|Any CPU
		{E091F011-5237-4C21-845C-E7884594BCBA}.Ad-Hoc|Any CPU.Build.0 = Release|Any CPU
		{E091F011-5237-4C21-845C-E7884594BCBA}.Ad-Hoc|Any CPU.Deploy.0 = Release|Any CPU
		{E091F011-5237-4C21-845C-E7884594BCBA}.Ad-Hoc|ARM.ActiveCfg = Release|Any CPU
		{E091F011-5237-4C21-845C-E7884594BCBA}.Ad-Hoc|ARM.Build.0 = Release|Any CPU
		{E091F011-5237-4C21-845C-E7884594BCBA}.Ad-Hoc|ARM.Deploy.0 = Release|Any CPU
		{E091F011-5237-4C21-845C-E7884594BCBA}.Ad-Hoc|iPhone.ActiveCfg = Release|Any CPU
		{E091F011-5237-4C21-845C-E7884594BCBA}.Ad-Hoc|iPhone.Build.0 = Release|Any CPU
		{E091F011-5237-4C21-845C-E7884594BCBA}.Ad-Hoc|iPhone.Deploy.0 = Release|Any CPU
		{E091F011-5237-4C21-845C-E7884594BCBA}.Ad-Hoc|iPhoneSimulator.ActiveCfg = Release|Any CPU
		{E091F011-5237-4C21-845C-E7884594BCBA}.Ad-Hoc|iPhoneSimulator.Build.0 = Release|Any CPU
		{E091F011-5237-4C21-845C-E7884594BCBA}.Ad-Hoc|iPhoneSimulator.Deploy.0 = Release|Any CPU
		{E091F011-5237-4C21-845C-E7884594BCBA}.Ad-Hoc|x64.ActiveCfg = Release|Any CPU
		{E091F011-5237-4C21-845C-E7884594BCBA}.Ad-Hoc|x64.Build.0 = Release|Any CPU
		{E091F011-5237-4C21-845C-E7884594BCBA}.Ad-Hoc|x64.Deploy.0 = Release|Any CPU
		{E091F011-5237-4C21-845C-E7884594BCBA}.Ad-Hoc|x86.ActiveCfg = Release|Any CPU
		{E091F011-5237-4C21-845C-E7884594BCBA}.Ad-Hoc|x86.Build.0 = Release|Any CPU
		{E091F011-5237-4C21-845C-E7884594BCBA}.Ad-Hoc|x86.Deploy.0 = Release|Any CPU
		{E091F011-5237-4C21-845C-E7884594BCBA}.AppStore|Any CPU.ActiveCfg = Release|Any CPU
		{E091F011-5237-4C21-845C-E7884594BCBA}.AppStore|Any CPU.Build.0 = Release|Any CPU
		{E091F011-5237-4C21-845C-E7884594BCBA}.AppStore|Any CPU.Deploy.0 = Release|Any CPU
		{E091F011-5237-4C21-845C-E7884594BCBA}.AppStore|ARM.ActiveCfg = Release|Any CPU
		{E091F011-5237-4C21-845C-E7884594BCBA}.AppStore|ARM.Build.0 = Release|Any CPU
		{E091F011-5237-4C21-845C-E7884594BCBA}.AppStore|ARM.Deploy.0 = Release|Any CPU
		{E091F011-5237-4C21-845C-E7884594BCBA}.AppStore|iPhone.ActiveCfg = Release|Any CPU
		{E091F011-5237-4C21-845C-E7884594BCBA}.AppStore|iPhone.Build.0 = Release|Any CPU
		{E091F011-5237-4C21-845C-E7884594BCBA}.AppStore|iPhone.Deploy.0 = Release|Any CPU
		{E091F011-5237-4C21-845C-E7884594BCBA}.AppStore|iPhoneSimulator.ActiveCfg = Release|Any CPU
		{E091F011-5237-4C21-845C-E7884594BCBA}.AppStore|iPhoneSimulator.Build.0 = Release|Any CPU
		{E091F011-5237-4C21-845C-E7884594BCBA}.AppStore|iPhoneSimulator.Deploy.0 = Release|Any CPU
		{E091F011-5237-4C21-845C-E7884594BCBA}.AppStore|x64.ActiveCfg = Release|Any CPU
		{E091F011-5237-4C21-845C-E7884594BCBA}.AppStore|x64.Build.0 = Release|Any CPU
		{E091F011-5237-4C21-845C-E7884594BCBA}.AppStore|x64.Deploy.0 = Release|Any CPU
		{E091F011-5237-4C21-845C-E7884594BCBA}.AppStore|x86.ActiveCfg = Release|Any CPU
		{E091F011-5237-4C21-845C-E7884594BCBA}.AppStore|x86.Build.0 = Release|Any CPU
		{E091F011-5237-4C21-845C-E7884594BCBA}.AppStore|x86.Deploy.0 = Release|Any CPU
		{E091F011-5237-4C21-845C-E7884594BCBA}.Debug|Any CPU.ActiveCfg = Debug|Any CPU
		{E091F011-5237-4C21-845C-E7884594BCBA}.Debug|Any CPU.Build.0 = Debug|Any CPU
		{E091F011-5237-4C21-845C-E7884594BCBA}.Debug|Any CPU.Deploy.0 = Debug|Any CPU
		{E091F011-5237-4C21-845C-E7884594BCBA}.Debug|ARM.ActiveCfg = Debug|Any CPU
		{E091F011-5237-4C21-845C-E7884594BCBA}.Debug|ARM.Build.0 = Debug|Any CPU
		{E091F011-5237-4C21-845C-E7884594BCBA}.Debug|ARM.Deploy.0 = Debug|Any CPU
		{E091F011-5237-4C21-845C-E7884594BCBA}.Debug|iPhone.ActiveCfg = Debug|Any CPU
		{E091F011-5237-4C21-845C-E7884594BCBA}.Debug|iPhone.Build.0 = Debug|Any CPU
		{E091F011-5237-4C21-845C-E7884594BCBA}.Debug|iPhone.Deploy.0 = Debug|Any CPU
		{E091F011-5237-4C21-845C-E7884594BCBA}.Debug|iPhoneSimulator.ActiveCfg = Debug|Any CPU
		{E091F011-5237-4C21-845C-E7884594BCBA}.Debug|iPhoneSimulator.Build.0 = Debug|Any CPU
		{E091F011-5237-4C21-845C-E7884594BCBA}.Debug|iPhoneSimulator.Deploy.0 = Debug|Any CPU
		{E091F011-5237-4C21-845C-E7884594BCBA}.Debug|x64.ActiveCfg = Debug|Any CPU
		{E091F011-5237-4C21-845C-E7884594BCBA}.Debug|x64.Build.0 = Debug|Any CPU
		{E091F011-5237-4C21-845C-E7884594BCBA}.Debug|x64.Deploy.0 = Debug|Any CPU
		{E091F011-5237-4C21-845C-E7884594BCBA}.Debug|x86.ActiveCfg = Debug|Any CPU
		{E091F011-5237-4C21-845C-E7884594BCBA}.Debug|x86.Build.0 = Debug|Any CPU
		{E091F011-5237-4C21-845C-E7884594BCBA}.Debug|x86.Deploy.0 = Debug|Any CPU
		{E091F011-5237-4C21-845C-E7884594BCBA}.Release|Any CPU.ActiveCfg = Release|Any CPU
		{E091F011-5237-4C21-845C-E7884594BCBA}.Release|Any CPU.Build.0 = Release|Any CPU
		{E091F011-5237-4C21-845C-E7884594BCBA}.Release|Any CPU.Deploy.0 = Release|Any CPU
		{E091F011-5237-4C21-845C-E7884594BCBA}.Release|ARM.ActiveCfg = Release|Any CPU
		{E091F011-5237-4C21-845C-E7884594BCBA}.Release|ARM.Build.0 = Release|Any CPU
		{E091F011-5237-4C21-845C-E7884594BCBA}.Release|ARM.Deploy.0 = Release|Any CPU
		{E091F011-5237-4C21-845C-E7884594BCBA}.Release|iPhone.ActiveCfg = Release|Any CPU
		{E091F011-5237-4C21-845C-E7884594BCBA}.Release|iPhone.Build.0 = Release|Any CPU
		{E091F011-5237-4C21-845C-E7884594BCBA}.Release|iPhone.Deploy.0 = Release|Any CPU
		{E091F011-5237-4C21-845C-E7884594BCBA}.Release|iPhoneSimulator.ActiveCfg = Release|Any CPU
		{E091F011-5237-4C21-845C-E7884594BCBA}.Release|iPhoneSimulator.Build.0 = Release|Any CPU
		{E091F011-5237-4C21-845C-E7884594BCBA}.Release|iPhoneSimulator.Deploy.0 = Release|Any CPU
		{E091F011-5237-4C21-845C-E7884594BCBA}.Release|x64.ActiveCfg = Release|Any CPU
		{E091F011-5237-4C21-845C-E7884594BCBA}.Release|x64.Build.0 = Release|Any CPU
		{E091F011-5237-4C21-845C-E7884594BCBA}.Release|x64.Deploy.0 = Release|Any CPU
		{E091F011-5237-4C21-845C-E7884594BCBA}.Release|x86.ActiveCfg = Release|Any CPU
		{E091F011-5237-4C21-845C-E7884594BCBA}.Release|x86.Build.0 = Release|Any CPU
		{E091F011-5237-4C21-845C-E7884594BCBA}.Release|x86.Deploy.0 = Release|Any CPU
		{78F2A32B-2724-4194-A291-5ABF93C0E78F}.Ad-Hoc|Any CPU.ActiveCfg = Ad-Hoc|iPhone
		{78F2A32B-2724-4194-A291-5ABF93C0E78F}.Ad-Hoc|ARM.ActiveCfg = Ad-Hoc|iPhone
		{78F2A32B-2724-4194-A291-5ABF93C0E78F}.Ad-Hoc|iPhone.ActiveCfg = Ad-Hoc|iPhone
		{78F2A32B-2724-4194-A291-5ABF93C0E78F}.Ad-Hoc|iPhone.Build.0 = Ad-Hoc|iPhone
		{78F2A32B-2724-4194-A291-5ABF93C0E78F}.Ad-Hoc|iPhoneSimulator.ActiveCfg = Ad-Hoc|iPhoneSimulator
		{78F2A32B-2724-4194-A291-5ABF93C0E78F}.Ad-Hoc|iPhoneSimulator.Build.0 = Ad-Hoc|iPhoneSimulator
		{78F2A32B-2724-4194-A291-5ABF93C0E78F}.Ad-Hoc|x64.ActiveCfg = Ad-Hoc|iPhone
		{78F2A32B-2724-4194-A291-5ABF93C0E78F}.Ad-Hoc|x86.ActiveCfg = Ad-Hoc|iPhone
		{78F2A32B-2724-4194-A291-5ABF93C0E78F}.AppStore|Any CPU.ActiveCfg = AppStore|iPhone
		{78F2A32B-2724-4194-A291-5ABF93C0E78F}.AppStore|ARM.ActiveCfg = AppStore|iPhone
		{78F2A32B-2724-4194-A291-5ABF93C0E78F}.AppStore|iPhone.ActiveCfg = AppStore|iPhone
		{78F2A32B-2724-4194-A291-5ABF93C0E78F}.AppStore|iPhone.Build.0 = AppStore|iPhone
		{78F2A32B-2724-4194-A291-5ABF93C0E78F}.AppStore|iPhoneSimulator.ActiveCfg = AppStore|iPhoneSimulator
		{78F2A32B-2724-4194-A291-5ABF93C0E78F}.AppStore|iPhoneSimulator.Build.0 = AppStore|iPhoneSimulator
		{78F2A32B-2724-4194-A291-5ABF93C0E78F}.AppStore|x64.ActiveCfg = AppStore|iPhone
		{78F2A32B-2724-4194-A291-5ABF93C0E78F}.AppStore|x86.ActiveCfg = AppStore|iPhone
		{78F2A32B-2724-4194-A291-5ABF93C0E78F}.Debug|Any CPU.ActiveCfg = Debug|iPhone
		{78F2A32B-2724-4194-A291-5ABF93C0E78F}.Debug|ARM.ActiveCfg = Debug|iPhone
		{78F2A32B-2724-4194-A291-5ABF93C0E78F}.Debug|iPhone.ActiveCfg = Debug|iPhone
		{78F2A32B-2724-4194-A291-5ABF93C0E78F}.Debug|iPhone.Build.0 = Debug|iPhone
		{78F2A32B-2724-4194-A291-5ABF93C0E78F}.Debug|iPhoneSimulator.ActiveCfg = Debug|iPhoneSimulator
		{78F2A32B-2724-4194-A291-5ABF93C0E78F}.Debug|iPhoneSimulator.Build.0 = Debug|iPhoneSimulator
		{78F2A32B-2724-4194-A291-5ABF93C0E78F}.Debug|x64.ActiveCfg = Debug|iPhone
		{78F2A32B-2724-4194-A291-5ABF93C0E78F}.Debug|x86.ActiveCfg = Debug|iPhone
		{78F2A32B-2724-4194-A291-5ABF93C0E78F}.Release|Any CPU.ActiveCfg = Release|iPhone
		{78F2A32B-2724-4194-A291-5ABF93C0E78F}.Release|ARM.ActiveCfg = Release|iPhone
		{78F2A32B-2724-4194-A291-5ABF93C0E78F}.Release|iPhone.ActiveCfg = Release|iPhone
		{78F2A32B-2724-4194-A291-5ABF93C0E78F}.Release|iPhone.Build.0 = Release|iPhone
		{78F2A32B-2724-4194-A291-5ABF93C0E78F}.Release|iPhoneSimulator.ActiveCfg = Release|iPhoneSimulator
		{78F2A32B-2724-4194-A291-5ABF93C0E78F}.Release|iPhoneSimulator.Build.0 = Release|iPhoneSimulator
		{78F2A32B-2724-4194-A291-5ABF93C0E78F}.Release|x64.ActiveCfg = Release|iPhone
		{78F2A32B-2724-4194-A291-5ABF93C0E78F}.Release|x86.ActiveCfg = Release|iPhone
		{147D0D24-6E6D-43FF-94B5-B3CEBE980B0B}.Ad-Hoc|Any CPU.ActiveCfg = Release|Any CPU
		{147D0D24-6E6D-43FF-94B5-B3CEBE980B0B}.Ad-Hoc|Any CPU.Build.0 = Release|Any CPU
		{147D0D24-6E6D-43FF-94B5-B3CEBE980B0B}.Ad-Hoc|Any CPU.Deploy.0 = Release|Any CPU
		{147D0D24-6E6D-43FF-94B5-B3CEBE980B0B}.Ad-Hoc|ARM.ActiveCfg = Release|ARM
		{147D0D24-6E6D-43FF-94B5-B3CEBE980B0B}.Ad-Hoc|ARM.Build.0 = Release|ARM
		{147D0D24-6E6D-43FF-94B5-B3CEBE980B0B}.Ad-Hoc|ARM.Deploy.0 = Release|ARM
		{147D0D24-6E6D-43FF-94B5-B3CEBE980B0B}.Ad-Hoc|iPhone.ActiveCfg = Release|Any CPU
		{147D0D24-6E6D-43FF-94B5-B3CEBE980B0B}.Ad-Hoc|iPhone.Build.0 = Release|Any CPU
		{147D0D24-6E6D-43FF-94B5-B3CEBE980B0B}.Ad-Hoc|iPhone.Deploy.0 = Release|Any CPU
		{147D0D24-6E6D-43FF-94B5-B3CEBE980B0B}.Ad-Hoc|iPhoneSimulator.ActiveCfg = Release|Any CPU
		{147D0D24-6E6D-43FF-94B5-B3CEBE980B0B}.Ad-Hoc|iPhoneSimulator.Build.0 = Release|Any CPU
		{147D0D24-6E6D-43FF-94B5-B3CEBE980B0B}.Ad-Hoc|iPhoneSimulator.Deploy.0 = Release|Any CPU
		{147D0D24-6E6D-43FF-94B5-B3CEBE980B0B}.Ad-Hoc|x64.ActiveCfg = Release|Any CPU
		{147D0D24-6E6D-43FF-94B5-B3CEBE980B0B}.Ad-Hoc|x64.Build.0 = Release|Any CPU
		{147D0D24-6E6D-43FF-94B5-B3CEBE980B0B}.Ad-Hoc|x64.Deploy.0 = Release|Any CPU
		{147D0D24-6E6D-43FF-94B5-B3CEBE980B0B}.Ad-Hoc|x86.ActiveCfg = Release|x86
		{147D0D24-6E6D-43FF-94B5-B3CEBE980B0B}.Ad-Hoc|x86.Build.0 = Release|x86
		{147D0D24-6E6D-43FF-94B5-B3CEBE980B0B}.Ad-Hoc|x86.Deploy.0 = Release|x86
		{147D0D24-6E6D-43FF-94B5-B3CEBE980B0B}.AppStore|Any CPU.ActiveCfg = Release|Any CPU
		{147D0D24-6E6D-43FF-94B5-B3CEBE980B0B}.AppStore|Any CPU.Build.0 = Release|Any CPU
		{147D0D24-6E6D-43FF-94B5-B3CEBE980B0B}.AppStore|Any CPU.Deploy.0 = Release|Any CPU
		{147D0D24-6E6D-43FF-94B5-B3CEBE980B0B}.AppStore|ARM.ActiveCfg = Release|ARM
		{147D0D24-6E6D-43FF-94B5-B3CEBE980B0B}.AppStore|ARM.Build.0 = Release|ARM
		{147D0D24-6E6D-43FF-94B5-B3CEBE980B0B}.AppStore|ARM.Deploy.0 = Release|ARM
		{147D0D24-6E6D-43FF-94B5-B3CEBE980B0B}.AppStore|iPhone.ActiveCfg = Release|Any CPU
		{147D0D24-6E6D-43FF-94B5-B3CEBE980B0B}.AppStore|iPhone.Build.0 = Release|Any CPU
		{147D0D24-6E6D-43FF-94B5-B3CEBE980B0B}.AppStore|iPhone.Deploy.0 = Release|Any CPU
		{147D0D24-6E6D-43FF-94B5-B3CEBE980B0B}.AppStore|iPhoneSimulator.ActiveCfg = Release|Any CPU
		{147D0D24-6E6D-43FF-94B5-B3CEBE980B0B}.AppStore|iPhoneSimulator.Build.0 = Release|Any CPU
		{147D0D24-6E6D-43FF-94B5-B3CEBE980B0B}.AppStore|iPhoneSimulator.Deploy.0 = Release|Any CPU
		{147D0D24-6E6D-43FF-94B5-B3CEBE980B0B}.AppStore|x64.ActiveCfg = Release|Any CPU
		{147D0D24-6E6D-43FF-94B5-B3CEBE980B0B}.AppStore|x64.Build.0 = Release|Any CPU
		{147D0D24-6E6D-43FF-94B5-B3CEBE980B0B}.AppStore|x64.Deploy.0 = Release|Any CPU
		{147D0D24-6E6D-43FF-94B5-B3CEBE980B0B}.AppStore|x86.ActiveCfg = Release|x86
		{147D0D24-6E6D-43FF-94B5-B3CEBE980B0B}.AppStore|x86.Build.0 = Release|x86
		{147D0D24-6E6D-43FF-94B5-B3CEBE980B0B}.AppStore|x86.Deploy.0 = Release|x86
		{147D0D24-6E6D-43FF-94B5-B3CEBE980B0B}.Debug|Any CPU.ActiveCfg = Debug|Any CPU
		{147D0D24-6E6D-43FF-94B5-B3CEBE980B0B}.Debug|Any CPU.Build.0 = Debug|Any CPU
		{147D0D24-6E6D-43FF-94B5-B3CEBE980B0B}.Debug|Any CPU.Deploy.0 = Debug|Any CPU
		{147D0D24-6E6D-43FF-94B5-B3CEBE980B0B}.Debug|ARM.ActiveCfg = Debug|ARM
		{147D0D24-6E6D-43FF-94B5-B3CEBE980B0B}.Debug|ARM.Build.0 = Debug|ARM
		{147D0D24-6E6D-43FF-94B5-B3CEBE980B0B}.Debug|ARM.Deploy.0 = Debug|ARM
		{147D0D24-6E6D-43FF-94B5-B3CEBE980B0B}.Debug|iPhone.ActiveCfg = Debug|Any CPU
		{147D0D24-6E6D-43FF-94B5-B3CEBE980B0B}.Debug|iPhone.Build.0 = Debug|Any CPU
		{147D0D24-6E6D-43FF-94B5-B3CEBE980B0B}.Debug|iPhone.Deploy.0 = Debug|Any CPU
		{147D0D24-6E6D-43FF-94B5-B3CEBE980B0B}.Debug|iPhoneSimulator.ActiveCfg = Debug|Any CPU
		{147D0D24-6E6D-43FF-94B5-B3CEBE980B0B}.Debug|iPhoneSimulator.Build.0 = Debug|Any CPU
		{147D0D24-6E6D-43FF-94B5-B3CEBE980B0B}.Debug|iPhoneSimulator.Deploy.0 = Debug|Any CPU
		{147D0D24-6E6D-43FF-94B5-B3CEBE980B0B}.Debug|x64.ActiveCfg = Debug|Any CPU
		{147D0D24-6E6D-43FF-94B5-B3CEBE980B0B}.Debug|x64.Build.0 = Debug|Any CPU
		{147D0D24-6E6D-43FF-94B5-B3CEBE980B0B}.Debug|x64.Deploy.0 = Debug|Any CPU
		{147D0D24-6E6D-43FF-94B5-B3CEBE980B0B}.Debug|x86.ActiveCfg = Debug|x86
		{147D0D24-6E6D-43FF-94B5-B3CEBE980B0B}.Debug|x86.Build.0 = Debug|x86
		{147D0D24-6E6D-43FF-94B5-B3CEBE980B0B}.Debug|x86.Deploy.0 = Debug|x86
		{147D0D24-6E6D-43FF-94B5-B3CEBE980B0B}.Release|Any CPU.ActiveCfg = Release|Any CPU
		{147D0D24-6E6D-43FF-94B5-B3CEBE980B0B}.Release|Any CPU.Build.0 = Release|Any CPU
		{147D0D24-6E6D-43FF-94B5-B3CEBE980B0B}.Release|Any CPU.Deploy.0 = Release|Any CPU
		{147D0D24-6E6D-43FF-94B5-B3CEBE980B0B}.Release|ARM.ActiveCfg = Release|ARM
		{147D0D24-6E6D-43FF-94B5-B3CEBE980B0B}.Release|ARM.Build.0 = Release|ARM
		{147D0D24-6E6D-43FF-94B5-B3CEBE980B0B}.Release|ARM.Deploy.0 = Release|ARM
		{147D0D24-6E6D-43FF-94B5-B3CEBE980B0B}.Release|iPhone.ActiveCfg = Release|Any CPU
		{147D0D24-6E6D-43FF-94B5-B3CEBE980B0B}.Release|iPhone.Build.0 = Release|Any CPU
		{147D0D24-6E6D-43FF-94B5-B3CEBE980B0B}.Release|iPhone.Deploy.0 = Release|Any CPU
		{147D0D24-6E6D-43FF-94B5-B3CEBE980B0B}.Release|iPhoneSimulator.ActiveCfg = Release|Any CPU
		{147D0D24-6E6D-43FF-94B5-B3CEBE980B0B}.Release|iPhoneSimulator.Build.0 = Release|Any CPU
		{147D0D24-6E6D-43FF-94B5-B3CEBE980B0B}.Release|iPhoneSimulator.Deploy.0 = Release|Any CPU
		{147D0D24-6E6D-43FF-94B5-B3CEBE980B0B}.Release|x64.ActiveCfg = Release|Any CPU
		{147D0D24-6E6D-43FF-94B5-B3CEBE980B0B}.Release|x64.Build.0 = Release|Any CPU
		{147D0D24-6E6D-43FF-94B5-B3CEBE980B0B}.Release|x64.Deploy.0 = Release|Any CPU
		{147D0D24-6E6D-43FF-94B5-B3CEBE980B0B}.Release|x86.ActiveCfg = Release|x86
		{147D0D24-6E6D-43FF-94B5-B3CEBE980B0B}.Release|x86.Build.0 = Release|x86
		{147D0D24-6E6D-43FF-94B5-B3CEBE980B0B}.Release|x86.Deploy.0 = Release|x86
		{50FCA23B-EA64-4EFC-A518-B5B7964A4E4F}.Ad-Hoc|Any CPU.ActiveCfg = Release|x86
		{50FCA23B-EA64-4EFC-A518-B5B7964A4E4F}.Ad-Hoc|Any CPU.Build.0 = Release|x86
		{50FCA23B-EA64-4EFC-A518-B5B7964A4E4F}.Ad-Hoc|Any CPU.Deploy.0 = Release|x86
		{50FCA23B-EA64-4EFC-A518-B5B7964A4E4F}.Ad-Hoc|ARM.ActiveCfg = Release|ARM
		{50FCA23B-EA64-4EFC-A518-B5B7964A4E4F}.Ad-Hoc|ARM.Build.0 = Release|ARM
		{50FCA23B-EA64-4EFC-A518-B5B7964A4E4F}.Ad-Hoc|ARM.Deploy.0 = Release|ARM
		{50FCA23B-EA64-4EFC-A518-B5B7964A4E4F}.Ad-Hoc|iPhone.ActiveCfg = Release|x86
		{50FCA23B-EA64-4EFC-A518-B5B7964A4E4F}.Ad-Hoc|iPhone.Build.0 = Release|x86
		{50FCA23B-EA64-4EFC-A518-B5B7964A4E4F}.Ad-Hoc|iPhone.Deploy.0 = Release|x86
		{50FCA23B-EA64-4EFC-A518-B5B7964A4E4F}.Ad-Hoc|iPhoneSimulator.ActiveCfg = Release|x86
		{50FCA23B-EA64-4EFC-A518-B5B7964A4E4F}.Ad-Hoc|iPhoneSimulator.Build.0 = Release|x86
		{50FCA23B-EA64-4EFC-A518-B5B7964A4E4F}.Ad-Hoc|iPhoneSimulator.Deploy.0 = Release|x86
		{50FCA23B-EA64-4EFC-A518-B5B7964A4E4F}.Ad-Hoc|x64.ActiveCfg = Release|x64
		{50FCA23B-EA64-4EFC-A518-B5B7964A4E4F}.Ad-Hoc|x64.Build.0 = Release|x64
		{50FCA23B-EA64-4EFC-A518-B5B7964A4E4F}.Ad-Hoc|x64.Deploy.0 = Release|x64
		{50FCA23B-EA64-4EFC-A518-B5B7964A4E4F}.Ad-Hoc|x86.ActiveCfg = Release|x86
		{50FCA23B-EA64-4EFC-A518-B5B7964A4E4F}.Ad-Hoc|x86.Build.0 = Release|x86
		{50FCA23B-EA64-4EFC-A518-B5B7964A4E4F}.Ad-Hoc|x86.Deploy.0 = Release|x86
		{50FCA23B-EA64-4EFC-A518-B5B7964A4E4F}.AppStore|Any CPU.ActiveCfg = Release|x86
		{50FCA23B-EA64-4EFC-A518-B5B7964A4E4F}.AppStore|Any CPU.Build.0 = Release|x86
		{50FCA23B-EA64-4EFC-A518-B5B7964A4E4F}.AppStore|Any CPU.Deploy.0 = Release|x86
		{50FCA23B-EA64-4EFC-A518-B5B7964A4E4F}.AppStore|ARM.ActiveCfg = Release|ARM
		{50FCA23B-EA64-4EFC-A518-B5B7964A4E4F}.AppStore|ARM.Build.0 = Release|ARM
		{50FCA23B-EA64-4EFC-A518-B5B7964A4E4F}.AppStore|ARM.Deploy.0 = Release|ARM
		{50FCA23B-EA64-4EFC-A518-B5B7964A4E4F}.AppStore|iPhone.ActiveCfg = Release|x86
		{50FCA23B-EA64-4EFC-A518-B5B7964A4E4F}.AppStore|iPhone.Build.0 = Release|x86
		{50FCA23B-EA64-4EFC-A518-B5B7964A4E4F}.AppStore|iPhone.Deploy.0 = Release|x86
		{50FCA23B-EA64-4EFC-A518-B5B7964A4E4F}.AppStore|iPhoneSimulator.ActiveCfg = Release|x86
		{50FCA23B-EA64-4EFC-A518-B5B7964A4E4F}.AppStore|iPhoneSimulator.Build.0 = Release|x86
		{50FCA23B-EA64-4EFC-A518-B5B7964A4E4F}.AppStore|iPhoneSimulator.Deploy.0 = Release|x86
		{50FCA23B-EA64-4EFC-A518-B5B7964A4E4F}.AppStore|x64.ActiveCfg = Release|x64
		{50FCA23B-EA64-4EFC-A518-B5B7964A4E4F}.AppStore|x64.Build.0 = Release|x64
		{50FCA23B-EA64-4EFC-A518-B5B7964A4E4F}.AppStore|x64.Deploy.0 = Release|x64
		{50FCA23B-EA64-4EFC-A518-B5B7964A4E4F}.AppStore|x86.ActiveCfg = Release|x86
		{50FCA23B-EA64-4EFC-A518-B5B7964A4E4F}.AppStore|x86.Build.0 = Release|x86
		{50FCA23B-EA64-4EFC-A518-B5B7964A4E4F}.AppStore|x86.Deploy.0 = Release|x86
		{50FCA23B-EA64-4EFC-A518-B5B7964A4E4F}.Debug|Any CPU.ActiveCfg = Debug|x86
		{50FCA23B-EA64-4EFC-A518-B5B7964A4E4F}.Debug|ARM.ActiveCfg = Debug|ARM
		{50FCA23B-EA64-4EFC-A518-B5B7964A4E4F}.Debug|ARM.Build.0 = Debug|ARM
		{50FCA23B-EA64-4EFC-A518-B5B7964A4E4F}.Debug|ARM.Deploy.0 = Debug|ARM
		{50FCA23B-EA64-4EFC-A518-B5B7964A4E4F}.Debug|iPhone.ActiveCfg = Debug|x86
		{50FCA23B-EA64-4EFC-A518-B5B7964A4E4F}.Debug|iPhoneSimulator.ActiveCfg = Debug|x86
		{50FCA23B-EA64-4EFC-A518-B5B7964A4E4F}.Debug|x64.ActiveCfg = Debug|x64
		{50FCA23B-EA64-4EFC-A518-B5B7964A4E4F}.Debug|x64.Build.0 = Debug|x64
		{50FCA23B-EA64-4EFC-A518-B5B7964A4E4F}.Debug|x64.Deploy.0 = Debug|x64
		{50FCA23B-EA64-4EFC-A518-B5B7964A4E4F}.Debug|x86.ActiveCfg = Debug|x86
		{50FCA23B-EA64-4EFC-A518-B5B7964A4E4F}.Debug|x86.Build.0 = Debug|x86
		{50FCA23B-EA64-4EFC-A518-B5B7964A4E4F}.Debug|x86.Deploy.0 = Debug|x86
		{50FCA23B-EA64-4EFC-A518-B5B7964A4E4F}.Release|Any CPU.ActiveCfg = Release|x86
		{50FCA23B-EA64-4EFC-A518-B5B7964A4E4F}.Release|ARM.ActiveCfg = Release|ARM
		{50FCA23B-EA64-4EFC-A518-B5B7964A4E4F}.Release|ARM.Build.0 = Release|ARM
		{50FCA23B-EA64-4EFC-A518-B5B7964A4E4F}.Release|ARM.Deploy.0 = Release|ARM
		{50FCA23B-EA64-4EFC-A518-B5B7964A4E4F}.Release|iPhone.ActiveCfg = Release|x86
		{50FCA23B-EA64-4EFC-A518-B5B7964A4E4F}.Release|iPhoneSimulator.ActiveCfg = Release|x86
		{50FCA23B-EA64-4EFC-A518-B5B7964A4E4F}.Release|x64.ActiveCfg = Release|x64
		{50FCA23B-EA64-4EFC-A518-B5B7964A4E4F}.Release|x64.Build.0 = Release|x64
		{50FCA23B-EA64-4EFC-A518-B5B7964A4E4F}.Release|x64.Deploy.0 = Release|x64
		{50FCA23B-EA64-4EFC-A518-B5B7964A4E4F}.Release|x86.ActiveCfg = Release|x86
		{50FCA23B-EA64-4EFC-A518-B5B7964A4E4F}.Release|x86.Build.0 = Release|x86
		{50FCA23B-EA64-4EFC-A518-B5B7964A4E4F}.Release|x86.Deploy.0 = Release|x86
		{BDF6FFBD-9B1B-46FE-8393-882D261608D1}.Ad-Hoc|Any CPU.ActiveCfg = Release|Any CPU
		{BDF6FFBD-9B1B-46FE-8393-882D261608D1}.Ad-Hoc|Any CPU.Build.0 = Release|Any CPU
		{BDF6FFBD-9B1B-46FE-8393-882D261608D1}.Ad-Hoc|Any CPU.Deploy.0 = Release|Any CPU
		{BDF6FFBD-9B1B-46FE-8393-882D261608D1}.Ad-Hoc|ARM.ActiveCfg = Release|ARM
		{BDF6FFBD-9B1B-46FE-8393-882D261608D1}.Ad-Hoc|ARM.Build.0 = Release|ARM
		{BDF6FFBD-9B1B-46FE-8393-882D261608D1}.Ad-Hoc|ARM.Deploy.0 = Release|ARM
		{BDF6FFBD-9B1B-46FE-8393-882D261608D1}.Ad-Hoc|iPhone.ActiveCfg = Release|Any CPU
		{BDF6FFBD-9B1B-46FE-8393-882D261608D1}.Ad-Hoc|iPhone.Build.0 = Release|Any CPU
		{BDF6FFBD-9B1B-46FE-8393-882D261608D1}.Ad-Hoc|iPhone.Deploy.0 = Release|Any CPU
		{BDF6FFBD-9B1B-46FE-8393-882D261608D1}.Ad-Hoc|iPhoneSimulator.ActiveCfg = Release|Any CPU
		{BDF6FFBD-9B1B-46FE-8393-882D261608D1}.Ad-Hoc|iPhoneSimulator.Build.0 = Release|Any CPU
		{BDF6FFBD-9B1B-46FE-8393-882D261608D1}.Ad-Hoc|iPhoneSimulator.Deploy.0 = Release|Any CPU
		{BDF6FFBD-9B1B-46FE-8393-882D261608D1}.Ad-Hoc|x64.ActiveCfg = Release|x64
		{BDF6FFBD-9B1B-46FE-8393-882D261608D1}.Ad-Hoc|x64.Build.0 = Release|x64
		{BDF6FFBD-9B1B-46FE-8393-882D261608D1}.Ad-Hoc|x64.Deploy.0 = Release|x64
		{BDF6FFBD-9B1B-46FE-8393-882D261608D1}.Ad-Hoc|x86.ActiveCfg = Release|x86
		{BDF6FFBD-9B1B-46FE-8393-882D261608D1}.Ad-Hoc|x86.Build.0 = Release|x86
		{BDF6FFBD-9B1B-46FE-8393-882D261608D1}.Ad-Hoc|x86.Deploy.0 = Release|x86
		{BDF6FFBD-9B1B-46FE-8393-882D261608D1}.AppStore|Any CPU.ActiveCfg = Release|Any CPU
		{BDF6FFBD-9B1B-46FE-8393-882D261608D1}.AppStore|Any CPU.Build.0 = Release|Any CPU
		{BDF6FFBD-9B1B-46FE-8393-882D261608D1}.AppStore|Any CPU.Deploy.0 = Release|Any CPU
		{BDF6FFBD-9B1B-46FE-8393-882D261608D1}.AppStore|ARM.ActiveCfg = Release|ARM
		{BDF6FFBD-9B1B-46FE-8393-882D261608D1}.AppStore|ARM.Build.0 = Release|ARM
		{BDF6FFBD-9B1B-46FE-8393-882D261608D1}.AppStore|ARM.Deploy.0 = Release|ARM
		{BDF6FFBD-9B1B-46FE-8393-882D261608D1}.AppStore|iPhone.ActiveCfg = Release|Any CPU
		{BDF6FFBD-9B1B-46FE-8393-882D261608D1}.AppStore|iPhone.Build.0 = Release|Any CPU
		{BDF6FFBD-9B1B-46FE-8393-882D261608D1}.AppStore|iPhone.Deploy.0 = Release|Any CPU
		{BDF6FFBD-9B1B-46FE-8393-882D261608D1}.AppStore|iPhoneSimulator.ActiveCfg = Release|Any CPU
		{BDF6FFBD-9B1B-46FE-8393-882D261608D1}.AppStore|iPhoneSimulator.Build.0 = Release|Any CPU
		{BDF6FFBD-9B1B-46FE-8393-882D261608D1}.AppStore|iPhoneSimulator.Deploy.0 = Release|Any CPU
		{BDF6FFBD-9B1B-46FE-8393-882D261608D1}.AppStore|x64.ActiveCfg = Release|x64
		{BDF6FFBD-9B1B-46FE-8393-882D261608D1}.AppStore|x64.Build.0 = Release|x64
		{BDF6FFBD-9B1B-46FE-8393-882D261608D1}.AppStore|x64.Deploy.0 = Release|x64
		{BDF6FFBD-9B1B-46FE-8393-882D261608D1}.AppStore|x86.ActiveCfg = Release|x86
		{BDF6FFBD-9B1B-46FE-8393-882D261608D1}.AppStore|x86.Build.0 = Release|x86
		{BDF6FFBD-9B1B-46FE-8393-882D261608D1}.AppStore|x86.Deploy.0 = Release|x86
		{BDF6FFBD-9B1B-46FE-8393-882D261608D1}.Debug|Any CPU.ActiveCfg = Debug|Any CPU
		{BDF6FFBD-9B1B-46FE-8393-882D261608D1}.Debug|Any CPU.Build.0 = Debug|Any CPU
		{BDF6FFBD-9B1B-46FE-8393-882D261608D1}.Debug|Any CPU.Deploy.0 = Debug|Any CPU
		{BDF6FFBD-9B1B-46FE-8393-882D261608D1}.Debug|ARM.ActiveCfg = Debug|ARM
		{BDF6FFBD-9B1B-46FE-8393-882D261608D1}.Debug|ARM.Build.0 = Debug|ARM
		{BDF6FFBD-9B1B-46FE-8393-882D261608D1}.Debug|ARM.Deploy.0 = Debug|ARM
		{BDF6FFBD-9B1B-46FE-8393-882D261608D1}.Debug|iPhone.ActiveCfg = Debug|Any CPU
		{BDF6FFBD-9B1B-46FE-8393-882D261608D1}.Debug|iPhone.Build.0 = Debug|Any CPU
		{BDF6FFBD-9B1B-46FE-8393-882D261608D1}.Debug|iPhone.Deploy.0 = Debug|Any CPU
		{BDF6FFBD-9B1B-46FE-8393-882D261608D1}.Debug|iPhoneSimulator.ActiveCfg = Debug|Any CPU
		{BDF6FFBD-9B1B-46FE-8393-882D261608D1}.Debug|iPhoneSimulator.Build.0 = Debug|Any CPU
		{BDF6FFBD-9B1B-46FE-8393-882D261608D1}.Debug|iPhoneSimulator.Deploy.0 = Debug|Any CPU
		{BDF6FFBD-9B1B-46FE-8393-882D261608D1}.Debug|x64.ActiveCfg = Debug|x64
		{BDF6FFBD-9B1B-46FE-8393-882D261608D1}.Debug|x64.Build.0 = Debug|x64
		{BDF6FFBD-9B1B-46FE-8393-882D261608D1}.Debug|x64.Deploy.0 = Debug|x64
		{BDF6FFBD-9B1B-46FE-8393-882D261608D1}.Debug|x86.ActiveCfg = Debug|x86
		{BDF6FFBD-9B1B-46FE-8393-882D261608D1}.Debug|x86.Build.0 = Debug|x86
		{BDF6FFBD-9B1B-46FE-8393-882D261608D1}.Debug|x86.Deploy.0 = Debug|x86
		{BDF6FFBD-9B1B-46FE-8393-882D261608D1}.Release|Any CPU.ActiveCfg = Release|Any CPU
		{BDF6FFBD-9B1B-46FE-8393-882D261608D1}.Release|Any CPU.Build.0 = Release|Any CPU
		{BDF6FFBD-9B1B-46FE-8393-882D261608D1}.Release|Any CPU.Deploy.0 = Release|Any CPU
		{BDF6FFBD-9B1B-46FE-8393-882D261608D1}.Release|ARM.ActiveCfg = Release|ARM
		{BDF6FFBD-9B1B-46FE-8393-882D261608D1}.Release|ARM.Build.0 = Release|ARM
		{BDF6FFBD-9B1B-46FE-8393-882D261608D1}.Release|ARM.Deploy.0 = Release|ARM
		{BDF6FFBD-9B1B-46FE-8393-882D261608D1}.Release|iPhone.ActiveCfg = Release|Any CPU
		{BDF6FFBD-9B1B-46FE-8393-882D261608D1}.Release|iPhone.Build.0 = Release|Any CPU
		{BDF6FFBD-9B1B-46FE-8393-882D261608D1}.Release|iPhone.Deploy.0 = Release|Any CPU
		{BDF6FFBD-9B1B-46FE-8393-882D261608D1}.Release|iPhoneSimulator.ActiveCfg = Release|Any CPU
		{BDF6FFBD-9B1B-46FE-8393-882D261608D1}.Release|iPhoneSimulator.Build.0 = Release|Any CPU
		{BDF6FFBD-9B1B-46FE-8393-882D261608D1}.Release|iPhoneSimulator.Deploy.0 = Release|Any CPU
		{BDF6FFBD-9B1B-46FE-8393-882D261608D1}.Release|x64.ActiveCfg = Release|x64
		{BDF6FFBD-9B1B-46FE-8393-882D261608D1}.Release|x64.Build.0 = Release|x64
		{BDF6FFBD-9B1B-46FE-8393-882D261608D1}.Release|x64.Deploy.0 = Release|x64
		{BDF6FFBD-9B1B-46FE-8393-882D261608D1}.Release|x86.ActiveCfg = Release|x86
		{BDF6FFBD-9B1B-46FE-8393-882D261608D1}.Release|x86.Build.0 = Release|x86
		{BDF6FFBD-9B1B-46FE-8393-882D261608D1}.Release|x86.Deploy.0 = Release|x86
		{5860069C-090E-4F3B-9FCE-93F6E8D241E5}.Ad-Hoc|Any CPU.ActiveCfg = Release|Any CPU
		{5860069C-090E-4F3B-9FCE-93F6E8D241E5}.Ad-Hoc|Any CPU.Build.0 = Release|Any CPU
		{5860069C-090E-4F3B-9FCE-93F6E8D241E5}.Ad-Hoc|ARM.ActiveCfg = Release|Any CPU
		{5860069C-090E-4F3B-9FCE-93F6E8D241E5}.Ad-Hoc|ARM.Build.0 = Release|Any CPU
		{5860069C-090E-4F3B-9FCE-93F6E8D241E5}.Ad-Hoc|iPhone.ActiveCfg = Release|Any CPU
		{5860069C-090E-4F3B-9FCE-93F6E8D241E5}.Ad-Hoc|iPhone.Build.0 = Release|Any CPU
		{5860069C-090E-4F3B-9FCE-93F6E8D241E5}.Ad-Hoc|iPhoneSimulator.ActiveCfg = Release|Any CPU
		{5860069C-090E-4F3B-9FCE-93F6E8D241E5}.Ad-Hoc|iPhoneSimulator.Build.0 = Release|Any CPU
		{5860069C-090E-4F3B-9FCE-93F6E8D241E5}.Ad-Hoc|x64.ActiveCfg = Release|Any CPU
		{5860069C-090E-4F3B-9FCE-93F6E8D241E5}.Ad-Hoc|x64.Build.0 = Release|Any CPU
		{5860069C-090E-4F3B-9FCE-93F6E8D241E5}.Ad-Hoc|x86.ActiveCfg = Release|Any CPU
		{5860069C-090E-4F3B-9FCE-93F6E8D241E5}.Ad-Hoc|x86.Build.0 = Release|Any CPU
		{5860069C-090E-4F3B-9FCE-93F6E8D241E5}.AppStore|Any CPU.ActiveCfg = Release|Any CPU
		{5860069C-090E-4F3B-9FCE-93F6E8D241E5}.AppStore|Any CPU.Build.0 = Release|Any CPU
		{5860069C-090E-4F3B-9FCE-93F6E8D241E5}.AppStore|ARM.ActiveCfg = Release|Any CPU
		{5860069C-090E-4F3B-9FCE-93F6E8D241E5}.AppStore|ARM.Build.0 = Release|Any CPU
		{5860069C-090E-4F3B-9FCE-93F6E8D241E5}.AppStore|iPhone.ActiveCfg = Release|Any CPU
		{5860069C-090E-4F3B-9FCE-93F6E8D241E5}.AppStore|iPhone.Build.0 = Release|Any CPU
		{5860069C-090E-4F3B-9FCE-93F6E8D241E5}.AppStore|iPhoneSimulator.ActiveCfg = Release|Any CPU
		{5860069C-090E-4F3B-9FCE-93F6E8D241E5}.AppStore|iPhoneSimulator.Build.0 = Release|Any CPU
		{5860069C-090E-4F3B-9FCE-93F6E8D241E5}.AppStore|x64.ActiveCfg = Release|Any CPU
		{5860069C-090E-4F3B-9FCE-93F6E8D241E5}.AppStore|x64.Build.0 = Release|Any CPU
		{5860069C-090E-4F3B-9FCE-93F6E8D241E5}.AppStore|x86.ActiveCfg = Release|Any CPU
		{5860069C-090E-4F3B-9FCE-93F6E8D241E5}.AppStore|x86.Build.0 = Release|Any CPU
		{5860069C-090E-4F3B-9FCE-93F6E8D241E5}.Debug|Any CPU.ActiveCfg = Debug|Any CPU
		{5860069C-090E-4F3B-9FCE-93F6E8D241E5}.Debug|Any CPU.Build.0 = Debug|Any CPU
		{5860069C-090E-4F3B-9FCE-93F6E8D241E5}.Debug|ARM.ActiveCfg = Debug|Any CPU
		{5860069C-090E-4F3B-9FCE-93F6E8D241E5}.Debug|ARM.Build.0 = Debug|Any CPU
		{5860069C-090E-4F3B-9FCE-93F6E8D241E5}.Debug|iPhone.ActiveCfg = Debug|Any CPU
		{5860069C-090E-4F3B-9FCE-93F6E8D241E5}.Debug|iPhone.Build.0 = Debug|Any CPU
		{5860069C-090E-4F3B-9FCE-93F6E8D241E5}.Debug|iPhoneSimulator.ActiveCfg = Debug|Any CPU
		{5860069C-090E-4F3B-9FCE-93F6E8D241E5}.Debug|iPhoneSimulator.Build.0 = Debug|Any CPU
		{5860069C-090E-4F3B-9FCE-93F6E8D241E5}.Debug|x64.ActiveCfg = Debug|Any CPU
		{5860069C-090E-4F3B-9FCE-93F6E8D241E5}.Debug|x64.Build.0 = Debug|Any CPU
		{5860069C-090E-4F3B-9FCE-93F6E8D241E5}.Debug|x86.ActiveCfg = Debug|Any CPU
		{5860069C-090E-4F3B-9FCE-93F6E8D241E5}.Debug|x86.Build.0 = Debug|Any CPU
		{5860069C-090E-4F3B-9FCE-93F6E8D241E5}.Release|Any CPU.ActiveCfg = Release|Any CPU
		{5860069C-090E-4F3B-9FCE-93F6E8D241E5}.Release|Any CPU.Build.0 = Release|Any CPU
		{5860069C-090E-4F3B-9FCE-93F6E8D241E5}.Release|ARM.ActiveCfg = Release|Any CPU
		{5860069C-090E-4F3B-9FCE-93F6E8D241E5}.Release|ARM.Build.0 = Release|Any CPU
		{5860069C-090E-4F3B-9FCE-93F6E8D241E5}.Release|iPhone.ActiveCfg = Release|Any CPU
		{5860069C-090E-4F3B-9FCE-93F6E8D241E5}.Release|iPhone.Build.0 = Release|Any CPU
		{5860069C-090E-4F3B-9FCE-93F6E8D241E5}.Release|iPhoneSimulator.ActiveCfg = Release|Any CPU
		{5860069C-090E-4F3B-9FCE-93F6E8D241E5}.Release|iPhoneSimulator.Build.0 = Release|Any CPU
		{5860069C-090E-4F3B-9FCE-93F6E8D241E5}.Release|x64.ActiveCfg = Release|Any CPU
		{5860069C-090E-4F3B-9FCE-93F6E8D241E5}.Release|x64.Build.0 = Release|Any CPU
		{5860069C-090E-4F3B-9FCE-93F6E8D241E5}.Release|x86.ActiveCfg = Release|Any CPU
		{5860069C-090E-4F3B-9FCE-93F6E8D241E5}.Release|x86.Build.0 = Release|Any CPU
		{C2930EF4-F843-408F-A5E6-86D97B423BFA}.Ad-Hoc|Any CPU.ActiveCfg = Release|Any CPU
		{C2930EF4-F843-408F-A5E6-86D97B423BFA}.Ad-Hoc|Any CPU.Build.0 = Release|Any CPU
		{C2930EF4-F843-408F-A5E6-86D97B423BFA}.Ad-Hoc|ARM.ActiveCfg = Release|Any CPU
		{C2930EF4-F843-408F-A5E6-86D97B423BFA}.Ad-Hoc|ARM.Build.0 = Release|Any CPU
		{C2930EF4-F843-408F-A5E6-86D97B423BFA}.Ad-Hoc|iPhone.ActiveCfg = Release|Any CPU
		{C2930EF4-F843-408F-A5E6-86D97B423BFA}.Ad-Hoc|iPhone.Build.0 = Release|Any CPU
		{C2930EF4-F843-408F-A5E6-86D97B423BFA}.Ad-Hoc|iPhoneSimulator.ActiveCfg = Release|Any CPU
		{C2930EF4-F843-408F-A5E6-86D97B423BFA}.Ad-Hoc|iPhoneSimulator.Build.0 = Release|Any CPU
		{C2930EF4-F843-408F-A5E6-86D97B423BFA}.Ad-Hoc|x64.ActiveCfg = Release|Any CPU
		{C2930EF4-F843-408F-A5E6-86D97B423BFA}.Ad-Hoc|x64.Build.0 = Release|Any CPU
		{C2930EF4-F843-408F-A5E6-86D97B423BFA}.Ad-Hoc|x86.ActiveCfg = Release|Any CPU
		{C2930EF4-F843-408F-A5E6-86D97B423BFA}.Ad-Hoc|x86.Build.0 = Release|Any CPU
		{C2930EF4-F843-408F-A5E6-86D97B423BFA}.AppStore|Any CPU.ActiveCfg = Release|Any CPU
		{C2930EF4-F843-408F-A5E6-86D97B423BFA}.AppStore|Any CPU.Build.0 = Release|Any CPU
		{C2930EF4-F843-408F-A5E6-86D97B423BFA}.AppStore|ARM.ActiveCfg = Release|Any CPU
		{C2930EF4-F843-408F-A5E6-86D97B423BFA}.AppStore|ARM.Build.0 = Release|Any CPU
		{C2930EF4-F843-408F-A5E6-86D97B423BFA}.AppStore|iPhone.ActiveCfg = Release|Any CPU
		{C2930EF4-F843-408F-A5E6-86D97B423BFA}.AppStore|iPhone.Build.0 = Release|Any CPU
		{C2930EF4-F843-408F-A5E6-86D97B423BFA}.AppStore|iPhoneSimulator.ActiveCfg = Release|Any CPU
		{C2930EF4-F843-408F-A5E6-86D97B423BFA}.AppStore|iPhoneSimulator.Build.0 = Release|Any CPU
		{C2930EF4-F843-408F-A5E6-86D97B423BFA}.AppStore|x64.ActiveCfg = Release|Any CPU
		{C2930EF4-F843-408F-A5E6-86D97B423BFA}.AppStore|x64.Build.0 = Release|Any CPU
		{C2930EF4-F843-408F-A5E6-86D97B423BFA}.AppStore|x86.ActiveCfg = Release|Any CPU
		{C2930EF4-F843-408F-A5E6-86D97B423BFA}.AppStore|x86.Build.0 = Release|Any CPU
		{C2930EF4-F843-408F-A5E6-86D97B423BFA}.Debug|Any CPU.ActiveCfg = Debug|Any CPU
		{C2930EF4-F843-408F-A5E6-86D97B423BFA}.Debug|Any CPU.Build.0 = Debug|Any CPU
		{C2930EF4-F843-408F-A5E6-86D97B423BFA}.Debug|ARM.ActiveCfg = Debug|Any CPU
		{C2930EF4-F843-408F-A5E6-86D97B423BFA}.Debug|ARM.Build.0 = Debug|Any CPU
		{C2930EF4-F843-408F-A5E6-86D97B423BFA}.Debug|iPhone.ActiveCfg = Debug|Any CPU
		{C2930EF4-F843-408F-A5E6-86D97B423BFA}.Debug|iPhone.Build.0 = Debug|Any CPU
		{C2930EF4-F843-408F-A5E6-86D97B423BFA}.Debug|iPhoneSimulator.ActiveCfg = Debug|Any CPU
		{C2930EF4-F843-408F-A5E6-86D97B423BFA}.Debug|iPhoneSimulator.Build.0 = Debug|Any CPU
		{C2930EF4-F843-408F-A5E6-86D97B423BFA}.Debug|x64.ActiveCfg = Debug|Any CPU
		{C2930EF4-F843-408F-A5E6-86D97B423BFA}.Debug|x64.Build.0 = Debug|Any CPU
		{C2930EF4-F843-408F-A5E6-86D97B423BFA}.Debug|x86.ActiveCfg = Debug|Any CPU
		{C2930EF4-F843-408F-A5E6-86D97B423BFA}.Debug|x86.Build.0 = Debug|Any CPU
		{C2930EF4-F843-408F-A5E6-86D97B423BFA}.Release|Any CPU.ActiveCfg = Release|Any CPU
		{C2930EF4-F843-408F-A5E6-86D97B423BFA}.Release|Any CPU.Build.0 = Release|Any CPU
		{C2930EF4-F843-408F-A5E6-86D97B423BFA}.Release|ARM.ActiveCfg = Release|Any CPU
		{C2930EF4-F843-408F-A5E6-86D97B423BFA}.Release|ARM.Build.0 = Release|Any CPU
		{C2930EF4-F843-408F-A5E6-86D97B423BFA}.Release|iPhone.ActiveCfg = Release|Any CPU
		{C2930EF4-F843-408F-A5E6-86D97B423BFA}.Release|iPhone.Build.0 = Release|Any CPU
		{C2930EF4-F843-408F-A5E6-86D97B423BFA}.Release|iPhoneSimulator.ActiveCfg = Release|Any CPU
		{C2930EF4-F843-408F-A5E6-86D97B423BFA}.Release|iPhoneSimulator.Build.0 = Release|Any CPU
		{C2930EF4-F843-408F-A5E6-86D97B423BFA}.Release|x64.ActiveCfg = Release|Any CPU
		{C2930EF4-F843-408F-A5E6-86D97B423BFA}.Release|x64.Build.0 = Release|Any CPU
		{C2930EF4-F843-408F-A5E6-86D97B423BFA}.Release|x86.ActiveCfg = Release|Any CPU
		{C2930EF4-F843-408F-A5E6-86D97B423BFA}.Release|x86.Build.0 = Release|Any CPU
	EndGlobalSection
	GlobalSection(SolutionProperties) = preSolution
		HideSolutionNode = FALSE
	EndGlobalSection
EndGlobal
